// !$*UTF8*$!
{
	archiveVersion = 1;
	classes = {
	};
	objectVersion = 52;
	objects = {

/* Begin PBXBuildFile section */
		27036385240C436000A9D16D /* Grid.swift in Sources */ = {isa = PBXBuildFile; fileRef = 27036384240C436000A9D16D /* Grid.swift */; };
		27036388240C5AD800A9D16D /* Defaults in Frameworks */ = {isa = PBXBuildFile; productRef = 27036387240C5AD800A9D16D /* Defaults */; };
		2703638A240C5B0000A9D16D /* Defaults.swift in Sources */ = {isa = PBXBuildFile; fileRef = 27036389240C5B0000A9D16D /* Defaults.swift */; };
		2703638C240C7ACF00A9D16D /* AlbumTechDetailsView.swift in Sources */ = {isa = PBXBuildFile; fileRef = 2703638B240C7ACF00A9D16D /* AlbumTechDetailsView.swift */; };
		2703638E240C7D2100A9D16D /* Image.swift in Sources */ = {isa = PBXBuildFile; fileRef = 2703638D240C7D2100A9D16D /* Image.swift */; };
		2704D821240F4FD000BAB623 /* UIActions.swift in Sources */ = {isa = PBXBuildFile; fileRef = 2704D820240F4FD000BAB623 /* UIActions.swift */; };
		2704D823240F503700BAB623 /* albumReducer.swift in Sources */ = {isa = PBXBuildFile; fileRef = 2704D822240F503700BAB623 /* albumReducer.swift */; };
		2704D825240F507000BAB623 /* uiReducer.swift in Sources */ = {isa = PBXBuildFile; fileRef = 2704D824240F507000BAB623 /* uiReducer.swift */; };
		2704D827240F574D00BAB623 /* AlbumDetailsView.swift in Sources */ = {isa = PBXBuildFile; fileRef = 2704D826240F574D00BAB623 /* AlbumDetailsView.swift */; };
		2704D82A240F597300BAB623 /* albums.swift in Sources */ = {isa = PBXBuildFile; fileRef = 2704D829240F597300BAB623 /* albums.swift */; };
		2704D82E240F5C9B00BAB623 /* AlbumCover.swift in Sources */ = {isa = PBXBuildFile; fileRef = 2704D82D240F5C9B00BAB623 /* AlbumCover.swift */; };
		275E9FBE2391C6AB00BABBBD /* AlbumsView.swift in Sources */ = {isa = PBXBuildFile; fileRef = 275E9FBD2391C6AB00BABBBD /* AlbumsView.swift */; };
		277CA19F2391882D007AC2D0 /* AppDelegate.swift in Sources */ = {isa = PBXBuildFile; fileRef = 277CA19E2391882D007AC2D0 /* AppDelegate.swift */; };
		277CA1A12391882D007AC2D0 /* Main.swift in Sources */ = {isa = PBXBuildFile; fileRef = 277CA1A02391882D007AC2D0 /* Main.swift */; };
		277CA1A32391882E007AC2D0 /* Assets.xcassets in Resources */ = {isa = PBXBuildFile; fileRef = 277CA1A22391882E007AC2D0 /* Assets.xcassets */; };
		277CA1A62391882E007AC2D0 /* Preview Assets.xcassets in Resources */ = {isa = PBXBuildFile; fileRef = 277CA1A52391882E007AC2D0 /* Preview Assets.xcassets */; };
		277CA1A92391882E007AC2D0 /* Main.storyboard in Resources */ = {isa = PBXBuildFile; fileRef = 277CA1A72391882E007AC2D0 /* Main.storyboard */; };
		277CA1B52391882E007AC2D0 /* Music_ToolTests.swift in Sources */ = {isa = PBXBuildFile; fileRef = 277CA1B42391882E007AC2D0 /* Music_ToolTests.swift */; };
		277CA1C123918A19007AC2D0 /* DropView.swift in Sources */ = {isa = PBXBuildFile; fileRef = 277CA1C023918A19007AC2D0 /* DropView.swift */; };
		277DAD2824144CEA00A38852 /* AppDelegate+Toolbar.swift in Sources */ = {isa = PBXBuildFile; fileRef = 277DAD2724144CEA00A38852 /* AppDelegate+Toolbar.swift */; };
		278DF83D24019D2E008C8D1D /* SwiftUIFlux in Frameworks */ = {isa = PBXBuildFile; productRef = 278DF83C24019D2E008C8D1D /* SwiftUIFlux */; };
		278DF84024019E90008C8D1D /* Store.swift in Sources */ = {isa = PBXBuildFile; fileRef = 278DF83F24019E90008C8D1D /* Store.swift */; };
		278DF8422401A00C008C8D1D /* stateReducer.swift in Sources */ = {isa = PBXBuildFile; fileRef = 278DF8412401A00C008C8D1D /* stateReducer.swift */; };
		278DF8442401AC53008C8D1D /* AlbumsActions.swift in Sources */ = {isa = PBXBuildFile; fileRef = 278DF8432401AC53008C8D1D /* AlbumsActions.swift */; };
		278DF8482401DC55008C8D1D /* parse.swift in Sources */ = {isa = PBXBuildFile; fileRef = 278DF8472401DC55008C8D1D /* parse.swift */; };
		278DF84A2401E8E3008C8D1D /* Constants.swift in Sources */ = {isa = PBXBuildFile; fileRef = 278DF8492401E8E3008C8D1D /* Constants.swift */; };
		278DF84C2401FBD2008C8D1D /* OrderedSet.swift in Sources */ = {isa = PBXBuildFile; fileRef = 278DF84B2401FBD2008C8D1D /* OrderedSet.swift */; };
		278DF84E2402074A008C8D1D /* UUID.swift in Sources */ = {isa = PBXBuildFile; fileRef = 278DF84D2402074A008C8D1D /* UUID.swift */; };
		27A3CF492391BF5300C52F57 /* testAlbums.json in Resources */ = {isa = PBXBuildFile; fileRef = 27A3CF482391BF5300C52F57 /* testAlbums.json */; };
		27B67F852402310F002EA0F3 /* cover.swift in Sources */ = {isa = PBXBuildFile; fileRef = 27B67F842402310F002EA0F3 /* cover.swift */; };
		27B67F87240238F8002EA0F3 /* AlbumView.swift in Sources */ = {isa = PBXBuildFile; fileRef = 27B67F86240238F8002EA0F3 /* AlbumView.swift */; };
		27DD2D452402C3BA00FAC38B /* Kingfisher in Frameworks */ = {isa = PBXBuildFile; productRef = 27DD2D442402C3BA00FAC38B /* Kingfisher */; };
		27DD2D472402C3BA00FAC38B /* KingfisherSwiftUI in Frameworks */ = {isa = PBXBuildFile; productRef = 27DD2D462402C3BA00FAC38B /* KingfisherSwiftUI */; };
		27DD2D492402C66F00FAC38B /* Album.swift in Sources */ = {isa = PBXBuildFile; fileRef = 27DD2D482402C66F00FAC38B /* Album.swift */; };
/* End PBXBuildFile section */

/* Begin PBXContainerItemProxy section */
		277CA1B12391882E007AC2D0 /* PBXContainerItemProxy */ = {
			isa = PBXContainerItemProxy;
			containerPortal = 277CA1932391882D007AC2D0 /* Project object */;
			proxyType = 1;
			remoteGlobalIDString = 277CA19A2391882D007AC2D0;
			remoteInfo = "Music Tool";
		};
/* End PBXContainerItemProxy section */

/* Begin PBXFileReference section */
		27036384240C436000A9D16D /* Grid.swift */ = {isa = PBXFileReference; lastKnownFileType = sourcecode.swift; path = Grid.swift; sourceTree = "<group>"; };
		27036389240C5B0000A9D16D /* Defaults.swift */ = {isa = PBXFileReference; lastKnownFileType = sourcecode.swift; path = Defaults.swift; sourceTree = "<group>"; };
		2703638B240C7ACF00A9D16D /* AlbumTechDetailsView.swift */ = {isa = PBXFileReference; lastKnownFileType = sourcecode.swift; path = AlbumTechDetailsView.swift; sourceTree = "<group>"; };
		2703638D240C7D2100A9D16D /* Image.swift */ = {isa = PBXFileReference; lastKnownFileType = sourcecode.swift; path = Image.swift; sourceTree = "<group>"; };
		2704D820240F4FD000BAB623 /* UIActions.swift */ = {isa = PBXFileReference; lastKnownFileType = sourcecode.swift; path = UIActions.swift; sourceTree = "<group>"; };
		2704D822240F503700BAB623 /* albumReducer.swift */ = {isa = PBXFileReference; lastKnownFileType = sourcecode.swift; path = albumReducer.swift; sourceTree = "<group>"; };
		2704D824240F507000BAB623 /* uiReducer.swift */ = {isa = PBXFileReference; lastKnownFileType = sourcecode.swift; path = uiReducer.swift; sourceTree = "<group>"; };
		2704D826240F574D00BAB623 /* AlbumDetailsView.swift */ = {isa = PBXFileReference; lastKnownFileType = sourcecode.swift; path = AlbumDetailsView.swift; sourceTree = "<group>"; };
		2704D829240F597300BAB623 /* albums.swift */ = {isa = PBXFileReference; lastKnownFileType = sourcecode.swift; path = albums.swift; sourceTree = "<group>"; };
		2704D82D240F5C9B00BAB623 /* AlbumCover.swift */ = {isa = PBXFileReference; lastKnownFileType = sourcecode.swift; path = AlbumCover.swift; sourceTree = "<group>"; };
		275E9FBD2391C6AB00BABBBD /* AlbumsView.swift */ = {isa = PBXFileReference; lastKnownFileType = sourcecode.swift; path = AlbumsView.swift; sourceTree = "<group>"; };
		277CA19B2391882D007AC2D0 /* Music Tool.app */ = {isa = PBXFileReference; explicitFileType = wrapper.application; includeInIndex = 0; path = "Music Tool.app"; sourceTree = BUILT_PRODUCTS_DIR; };
		277CA19E2391882D007AC2D0 /* AppDelegate.swift */ = {isa = PBXFileReference; lastKnownFileType = sourcecode.swift; path = AppDelegate.swift; sourceTree = "<group>"; };
		277CA1A02391882D007AC2D0 /* Main.swift */ = {isa = PBXFileReference; lastKnownFileType = sourcecode.swift; path = Main.swift; sourceTree = "<group>"; };
		277CA1A22391882E007AC2D0 /* Assets.xcassets */ = {isa = PBXFileReference; lastKnownFileType = folder.assetcatalog; path = Assets.xcassets; sourceTree = "<group>"; };
		277CA1A52391882E007AC2D0 /* Preview Assets.xcassets */ = {isa = PBXFileReference; lastKnownFileType = folder.assetcatalog; path = "Preview Assets.xcassets"; sourceTree = "<group>"; };
		277CA1A82391882E007AC2D0 /* Base */ = {isa = PBXFileReference; lastKnownFileType = file.storyboard; name = Base; path = Base.lproj/Main.storyboard; sourceTree = "<group>"; };
		277CA1AA2391882E007AC2D0 /* Info.plist */ = {isa = PBXFileReference; lastKnownFileType = text.plist.xml; path = Info.plist; sourceTree = "<group>"; };
		277CA1AB2391882E007AC2D0 /* Music_Tool.entitlements */ = {isa = PBXFileReference; lastKnownFileType = text.plist.entitlements; path = Music_Tool.entitlements; sourceTree = "<group>"; };
		277CA1B02391882E007AC2D0 /* Music ToolTests.xctest */ = {isa = PBXFileReference; explicitFileType = wrapper.cfbundle; includeInIndex = 0; path = "Music ToolTests.xctest"; sourceTree = BUILT_PRODUCTS_DIR; };
		277CA1B42391882E007AC2D0 /* Music_ToolTests.swift */ = {isa = PBXFileReference; lastKnownFileType = sourcecode.swift; path = Music_ToolTests.swift; sourceTree = "<group>"; };
		277CA1B62391882E007AC2D0 /* Info.plist */ = {isa = PBXFileReference; lastKnownFileType = text.plist.xml; path = Info.plist; sourceTree = "<group>"; };
		277CA1C023918A19007AC2D0 /* DropView.swift */ = {isa = PBXFileReference; lastKnownFileType = sourcecode.swift; path = DropView.swift; sourceTree = "<group>"; };
		277DAD2724144CEA00A38852 /* AppDelegate+Toolbar.swift */ = {isa = PBXFileReference; lastKnownFileType = sourcecode.swift; path = "AppDelegate+Toolbar.swift"; sourceTree = "<group>"; };
		278DF83F24019E90008C8D1D /* Store.swift */ = {isa = PBXFileReference; lastKnownFileType = sourcecode.swift; path = Store.swift; sourceTree = "<group>"; };
		278DF8412401A00C008C8D1D /* stateReducer.swift */ = {isa = PBXFileReference; lastKnownFileType = sourcecode.swift; path = stateReducer.swift; sourceTree = "<group>"; };
		278DF8432401AC53008C8D1D /* AlbumsActions.swift */ = {isa = PBXFileReference; lastKnownFileType = sourcecode.swift; path = AlbumsActions.swift; sourceTree = "<group>"; };
		278DF8472401DC55008C8D1D /* parse.swift */ = {isa = PBXFileReference; lastKnownFileType = sourcecode.swift; path = parse.swift; sourceTree = "<group>"; };
		278DF8492401E8E3008C8D1D /* Constants.swift */ = {isa = PBXFileReference; lastKnownFileType = sourcecode.swift; path = Constants.swift; sourceTree = "<group>"; };
		278DF84B2401FBD2008C8D1D /* OrderedSet.swift */ = {isa = PBXFileReference; lastKnownFileType = sourcecode.swift; path = OrderedSet.swift; sourceTree = "<group>"; };
		278DF84D2402074A008C8D1D /* UUID.swift */ = {isa = PBXFileReference; lastKnownFileType = sourcecode.swift; path = UUID.swift; sourceTree = "<group>"; };
		27A3CF482391BF5300C52F57 /* testAlbums.json */ = {isa = PBXFileReference; lastKnownFileType = text.json; path = testAlbums.json; sourceTree = "<group>"; };
		27B67F842402310F002EA0F3 /* cover.swift */ = {isa = PBXFileReference; lastKnownFileType = sourcecode.swift; path = cover.swift; sourceTree = "<group>"; };
		27B67F86240238F8002EA0F3 /* AlbumView.swift */ = {isa = PBXFileReference; lastKnownFileType = sourcecode.swift; path = AlbumView.swift; sourceTree = "<group>"; };
		27DD2D482402C66F00FAC38B /* Album.swift */ = {isa = PBXFileReference; lastKnownFileType = sourcecode.swift; path = Album.swift; sourceTree = "<group>"; };
/* End PBXFileReference section */

/* Begin PBXFrameworksBuildPhase section */
		277CA1982391882D007AC2D0 /* Frameworks */ = {
			isa = PBXFrameworksBuildPhase;
			buildActionMask = 2147483647;
			files = (
				27036388240C5AD800A9D16D /* Defaults in Frameworks */,
				27DD2D472402C3BA00FAC38B /* KingfisherSwiftUI in Frameworks */,
				27DD2D452402C3BA00FAC38B /* Kingfisher in Frameworks */,
				278DF83D24019D2E008C8D1D /* SwiftUIFlux in Frameworks */,
			);
			runOnlyForDeploymentPostprocessing = 0;
		};
		277CA1AD2391882E007AC2D0 /* Frameworks */ = {
			isa = PBXFrameworksBuildPhase;
			buildActionMask = 2147483647;
			files = (
			);
			runOnlyForDeploymentPostprocessing = 0;
		};
/* End PBXFrameworksBuildPhase section */

/* Begin PBXGroup section */
		2704D828240F594300BAB623 /* Test Fixtures */ = {
			isa = PBXGroup;
			children = (
				2704D829240F597300BAB623 /* albums.swift */,
			);
			path = "Test Fixtures";
			sourceTree = "<group>";
		};
		277CA1922391882D007AC2D0 = {
			isa = PBXGroup;
			children = (
				277CA19D2391882D007AC2D0 /* Music Tool */,
				277CA1B32391882E007AC2D0 /* Music ToolTests */,
				277CA19C2391882D007AC2D0 /* Products */,
			);
			sourceTree = "<group>";
		};
		277CA19C2391882D007AC2D0 /* Products */ = {
			isa = PBXGroup;
			children = (
				277CA19B2391882D007AC2D0 /* Music Tool.app */,
				277CA1B02391882E007AC2D0 /* Music ToolTests.xctest */,
			);
			name = Products;
			sourceTree = "<group>";
		};
		277CA19D2391882D007AC2D0 /* Music Tool */ = {
			isa = PBXGroup;
			children = (
				278DF8462401DC0F008C8D1D /* Metadata */,
				278DF8452401CA66008C8D1D /* Extensions */,
				278DF83E24019D4D008C8D1D /* Store */,
				27A3CF472391BF2100C52F57 /* Resources */,
				277CA1BF2391899C007AC2D0 /* Views */,
				277CA19E2391882D007AC2D0 /* AppDelegate.swift */,
				277DAD2724144CEA00A38852 /* AppDelegate+Toolbar.swift */,
				278DF8492401E8E3008C8D1D /* Constants.swift */,
				27036389240C5B0000A9D16D /* Defaults.swift */,
				277CA1A22391882E007AC2D0 /* Assets.xcassets */,
				277CA1A72391882E007AC2D0 /* Main.storyboard */,
				277CA1AA2391882E007AC2D0 /* Info.plist */,
				277CA1AB2391882E007AC2D0 /* Music_Tool.entitlements */,
				277CA1A42391882E007AC2D0 /* Preview Content */,
				2704D828240F594300BAB623 /* Test Fixtures */,
			);
			path = "Music Tool";
			sourceTree = "<group>";
		};
		277CA1A42391882E007AC2D0 /* Preview Content */ = {
			isa = PBXGroup;
			children = (
				277CA1A52391882E007AC2D0 /* Preview Assets.xcassets */,
			);
			path = "Preview Content";
			sourceTree = "<group>";
		};
		277CA1B32391882E007AC2D0 /* Music ToolTests */ = {
			isa = PBXGroup;
			children = (
				277CA1B42391882E007AC2D0 /* Music_ToolTests.swift */,
				277CA1B62391882E007AC2D0 /* Info.plist */,
			);
			path = "Music ToolTests";
			sourceTree = "<group>";
		};
		277CA1BF2391899C007AC2D0 /* Views */ = {
			isa = PBXGroup;
			children = (
				27036384240C436000A9D16D /* Grid.swift */,
				277CA1C023918A19007AC2D0 /* DropView.swift */,
				277CA1A02391882D007AC2D0 /* Main.swift */,
				275E9FBD2391C6AB00BABBBD /* AlbumsView.swift */,
				27B67F86240238F8002EA0F3 /* AlbumView.swift */,
				2703638B240C7ACF00A9D16D /* AlbumTechDetailsView.swift */,
				2704D826240F574D00BAB623 /* AlbumDetailsView.swift */,
				2704D82D240F5C9B00BAB623 /* AlbumCover.swift */,
			);
			path = Views;
			sourceTree = "<group>";
		};
		278DF83E24019D4D008C8D1D /* Store */ = {
			isa = PBXGroup;
			children = (
				2704D822240F503700BAB623 /* albumReducer.swift */,
				2704D824240F507000BAB623 /* uiReducer.swift */,
				278DF8412401A00C008C8D1D /* stateReducer.swift */,
				278DF8432401AC53008C8D1D /* AlbumsActions.swift */,
				27DD2D482402C66F00FAC38B /* Album.swift */,
				2704D820240F4FD000BAB623 /* UIActions.swift */,
				278DF83F24019E90008C8D1D /* Store.swift */,
			);
			path = Store;
			sourceTree = "<group>";
		};
		278DF8452401CA66008C8D1D /* Extensions */ = {
			isa = PBXGroup;
			children = (
				278DF84B2401FBD2008C8D1D /* OrderedSet.swift */,
				278DF84D2402074A008C8D1D /* UUID.swift */,
				2703638D240C7D2100A9D16D /* Image.swift */,
			);
			path = Extensions;
			sourceTree = "<group>";
		};
		278DF8462401DC0F008C8D1D /* Metadata */ = {
			isa = PBXGroup;
			children = (
				278DF8472401DC55008C8D1D /* parse.swift */,
				27B67F842402310F002EA0F3 /* cover.swift */,
			);
			path = Metadata;
			sourceTree = "<group>";
		};
		27A3CF472391BF2100C52F57 /* Resources */ = {
			isa = PBXGroup;
			children = (
				27A3CF482391BF5300C52F57 /* testAlbums.json */,
			);
			path = Resources;
			sourceTree = "<group>";
		};
/* End PBXGroup section */

/* Begin PBXNativeTarget section */
		277CA19A2391882D007AC2D0 /* Music Tool */ = {
			isa = PBXNativeTarget;
			buildConfigurationList = 277CA1B92391882E007AC2D0 /* Build configuration list for PBXNativeTarget "Music Tool" */;
			buildPhases = (
				277CA1972391882D007AC2D0 /* Sources */,
				277CA1982391882D007AC2D0 /* Frameworks */,
				277CA1992391882D007AC2D0 /* Resources */,
			);
			buildRules = (
			);
			dependencies = (
			);
			name = "Music Tool";
			packageProductDependencies = (
				278DF83C24019D2E008C8D1D /* SwiftUIFlux */,
				27DD2D442402C3BA00FAC38B /* Kingfisher */,
				27DD2D462402C3BA00FAC38B /* KingfisherSwiftUI */,
				27036387240C5AD800A9D16D /* Defaults */,
			);
			productName = "Music Tool";
			productReference = 277CA19B2391882D007AC2D0 /* Music Tool.app */;
			productType = "com.apple.product-type.application";
		};
		277CA1AF2391882E007AC2D0 /* Music ToolTests */ = {
			isa = PBXNativeTarget;
			buildConfigurationList = 277CA1BC2391882E007AC2D0 /* Build configuration list for PBXNativeTarget "Music ToolTests" */;
			buildPhases = (
				277CA1AC2391882E007AC2D0 /* Sources */,
				277CA1AD2391882E007AC2D0 /* Frameworks */,
				277CA1AE2391882E007AC2D0 /* Resources */,
			);
			buildRules = (
			);
			dependencies = (
				277CA1B22391882E007AC2D0 /* PBXTargetDependency */,
			);
			name = "Music ToolTests";
			productName = "Music ToolTests";
			productReference = 277CA1B02391882E007AC2D0 /* Music ToolTests.xctest */;
			productType = "com.apple.product-type.bundle.unit-test";
		};
/* End PBXNativeTarget section */

/* Begin PBXProject section */
		277CA1932391882D007AC2D0 /* Project object */ = {
			isa = PBXProject;
			attributes = {
				LastSwiftUpdateCheck = 1120;
				LastUpgradeCheck = 1130;
				ORGANIZATIONNAME = velocityzen;
				TargetAttributes = {
					277CA19A2391882D007AC2D0 = {
						CreatedOnToolsVersion = 11.2.1;
					};
					277CA1AF2391882E007AC2D0 = {
						CreatedOnToolsVersion = 11.2.1;
						TestTargetID = 277CA19A2391882D007AC2D0;
					};
				};
			};
			buildConfigurationList = 277CA1962391882D007AC2D0 /* Build configuration list for PBXProject "Music Tool" */;
			compatibilityVersion = "Xcode 9.3";
			developmentRegion = en;
			hasScannedForEncodings = 0;
			knownRegions = (
				en,
				Base,
			);
			mainGroup = 277CA1922391882D007AC2D0;
			packageReferences = (
				278DF83B24019D2E008C8D1D /* XCRemoteSwiftPackageReference "SwiftUIFlux" */,
				27DD2D432402C3BA00FAC38B /* XCRemoteSwiftPackageReference "Kingfisher" */,
				27036386240C5AD800A9D16D /* XCRemoteSwiftPackageReference "Defaults" */,
			);
			productRefGroup = 277CA19C2391882D007AC2D0 /* Products */;
			projectDirPath = "";
			projectRoot = "";
			targets = (
				277CA19A2391882D007AC2D0 /* Music Tool */,
				277CA1AF2391882E007AC2D0 /* Music ToolTests */,
			);
		};
/* End PBXProject section */

/* Begin PBXResourcesBuildPhase section */
		277CA1992391882D007AC2D0 /* Resources */ = {
			isa = PBXResourcesBuildPhase;
			buildActionMask = 2147483647;
			files = (
				27A3CF492391BF5300C52F57 /* testAlbums.json in Resources */,
				277CA1A92391882E007AC2D0 /* Main.storyboard in Resources */,
				277CA1A62391882E007AC2D0 /* Preview Assets.xcassets in Resources */,
				277CA1A32391882E007AC2D0 /* Assets.xcassets in Resources */,
			);
			runOnlyForDeploymentPostprocessing = 0;
		};
		277CA1AE2391882E007AC2D0 /* Resources */ = {
			isa = PBXResourcesBuildPhase;
			buildActionMask = 2147483647;
			files = (
			);
			runOnlyForDeploymentPostprocessing = 0;
		};
/* End PBXResourcesBuildPhase section */

/* Begin PBXSourcesBuildPhase section */
		277CA1972391882D007AC2D0 /* Sources */ = {
			isa = PBXSourcesBuildPhase;
			buildActionMask = 2147483647;
			files = (
				2704D825240F507000BAB623 /* uiReducer.swift in Sources */,
				278DF84E2402074A008C8D1D /* UUID.swift in Sources */,
				2704D821240F4FD000BAB623 /* UIActions.swift in Sources */,
				277CA1A12391882D007AC2D0 /* Main.swift in Sources */,
				277CA19F2391882D007AC2D0 /* AppDelegate.swift in Sources */,
				278DF84024019E90008C8D1D /* Store.swift in Sources */,
				277CA1C123918A19007AC2D0 /* DropView.swift in Sources */,
				2704D823240F503700BAB623 /* albumReducer.swift in Sources */,
				27B67F87240238F8002EA0F3 /* AlbumView.swift in Sources */,
				278DF8422401A00C008C8D1D /* stateReducer.swift in Sources */,
				27B67F852402310F002EA0F3 /* cover.swift in Sources */,
				278DF84C2401FBD2008C8D1D /* OrderedSet.swift in Sources */,
				2704D82E240F5C9B00BAB623 /* AlbumCover.swift in Sources */,
				278DF84A2401E8E3008C8D1D /* Constants.swift in Sources */,
				278DF8482401DC55008C8D1D /* parse.swift in Sources */,
				2704D827240F574D00BAB623 /* AlbumDetailsView.swift in Sources */,
				2703638C240C7ACF00A9D16D /* AlbumTechDetailsView.swift in Sources */,
				2703638A240C5B0000A9D16D /* Defaults.swift in Sources */,
				2703638E240C7D2100A9D16D /* Image.swift in Sources */,
				27036385240C436000A9D16D /* Grid.swift in Sources */,
				277DAD2824144CEA00A38852 /* AppDelegate+Toolbar.swift in Sources */,
				2704D82A240F597300BAB623 /* albums.swift in Sources */,
				275E9FBE2391C6AB00BABBBD /* AlbumsView.swift in Sources */,
				278DF8442401AC53008C8D1D /* AlbumsActions.swift in Sources */,
				27DD2D492402C66F00FAC38B /* Album.swift in Sources */,
			);
			runOnlyForDeploymentPostprocessing = 0;
		};
		277CA1AC2391882E007AC2D0 /* Sources */ = {
			isa = PBXSourcesBuildPhase;
			buildActionMask = 2147483647;
			files = (
				277CA1B52391882E007AC2D0 /* Music_ToolTests.swift in Sources */,
			);
			runOnlyForDeploymentPostprocessing = 0;
		};
/* End PBXSourcesBuildPhase section */

/* Begin PBXTargetDependency section */
		277CA1B22391882E007AC2D0 /* PBXTargetDependency */ = {
			isa = PBXTargetDependency;
			target = 277CA19A2391882D007AC2D0 /* Music Tool */;
			targetProxy = 277CA1B12391882E007AC2D0 /* PBXContainerItemProxy */;
		};
/* End PBXTargetDependency section */

/* Begin PBXVariantGroup section */
		277CA1A72391882E007AC2D0 /* Main.storyboard */ = {
			isa = PBXVariantGroup;
			children = (
				277CA1A82391882E007AC2D0 /* Base */,
			);
			name = Main.storyboard;
			sourceTree = "<group>";
		};
/* End PBXVariantGroup section */

/* Begin XCBuildConfiguration section */
		277CA1B72391882E007AC2D0 /* Debug */ = {
			isa = XCBuildConfiguration;
			buildSettings = {
				ALWAYS_SEARCH_USER_PATHS = NO;
				CLANG_ANALYZER_NONNULL = YES;
				CLANG_ANALYZER_NUMBER_OBJECT_CONVERSION = YES_AGGRESSIVE;
				CLANG_CXX_LANGUAGE_STANDARD = "gnu++14";
				CLANG_CXX_LIBRARY = "libc++";
				CLANG_ENABLE_MODULES = YES;
				CLANG_ENABLE_OBJC_ARC = YES;
				CLANG_ENABLE_OBJC_WEAK = YES;
				CLANG_WARN_BLOCK_CAPTURE_AUTORELEASING = YES;
				CLANG_WARN_BOOL_CONVERSION = YES;
				CLANG_WARN_COMMA = YES;
				CLANG_WARN_CONSTANT_CONVERSION = YES;
				CLANG_WARN_DEPRECATED_OBJC_IMPLEMENTATIONS = YES;
				CLANG_WARN_DIRECT_OBJC_ISA_USAGE = YES_ERROR;
				CLANG_WARN_DOCUMENTATION_COMMENTS = YES;
				CLANG_WARN_EMPTY_BODY = YES;
				CLANG_WARN_ENUM_CONVERSION = YES;
				CLANG_WARN_INFINITE_RECURSION = YES;
				CLANG_WARN_INT_CONVERSION = YES;
				CLANG_WARN_NON_LITERAL_NULL_CONVERSION = YES;
				CLANG_WARN_OBJC_IMPLICIT_RETAIN_SELF = YES;
				CLANG_WARN_OBJC_LITERAL_CONVERSION = YES;
				CLANG_WARN_OBJC_ROOT_CLASS = YES_ERROR;
				CLANG_WARN_RANGE_LOOP_ANALYSIS = YES;
				CLANG_WARN_STRICT_PROTOTYPES = YES;
				CLANG_WARN_SUSPICIOUS_MOVE = YES;
				CLANG_WARN_UNGUARDED_AVAILABILITY = YES_AGGRESSIVE;
				CLANG_WARN_UNREACHABLE_CODE = YES;
				CLANG_WARN__DUPLICATE_METHOD_MATCH = YES;
				COPY_PHASE_STRIP = NO;
				DEBUG_INFORMATION_FORMAT = dwarf;
				ENABLE_STRICT_OBJC_MSGSEND = YES;
				ENABLE_TESTABILITY = YES;
				GCC_C_LANGUAGE_STANDARD = gnu11;
				GCC_DYNAMIC_NO_PIC = NO;
				GCC_NO_COMMON_BLOCKS = YES;
				GCC_OPTIMIZATION_LEVEL = 0;
				GCC_PREPROCESSOR_DEFINITIONS = (
					"DEBUG=1",
					"$(inherited)",
				);
				GCC_WARN_64_TO_32_BIT_CONVERSION = YES;
				GCC_WARN_ABOUT_RETURN_TYPE = YES_ERROR;
				GCC_WARN_UNDECLARED_SELECTOR = YES;
				GCC_WARN_UNINITIALIZED_AUTOS = YES_AGGRESSIVE;
				GCC_WARN_UNUSED_FUNCTION = YES;
				GCC_WARN_UNUSED_VARIABLE = YES;
				MACOSX_DEPLOYMENT_TARGET = 10.15;
				MTL_ENABLE_DEBUG_INFO = INCLUDE_SOURCE;
				MTL_FAST_MATH = YES;
				ONLY_ACTIVE_ARCH = YES;
				SDKROOT = macosx;
				SWIFT_ACTIVE_COMPILATION_CONDITIONS = DEBUG;
				SWIFT_OPTIMIZATION_LEVEL = "-Onone";
			};
			name = Debug;
		};
		277CA1B82391882E007AC2D0 /* Release */ = {
			isa = XCBuildConfiguration;
			buildSettings = {
				ALWAYS_SEARCH_USER_PATHS = NO;
				CLANG_ANALYZER_NONNULL = YES;
				CLANG_ANALYZER_NUMBER_OBJECT_CONVERSION = YES_AGGRESSIVE;
				CLANG_CXX_LANGUAGE_STANDARD = "gnu++14";
				CLANG_CXX_LIBRARY = "libc++";
				CLANG_ENABLE_MODULES = YES;
				CLANG_ENABLE_OBJC_ARC = YES;
				CLANG_ENABLE_OBJC_WEAK = YES;
				CLANG_WARN_BLOCK_CAPTURE_AUTORELEASING = YES;
				CLANG_WARN_BOOL_CONVERSION = YES;
				CLANG_WARN_COMMA = YES;
				CLANG_WARN_CONSTANT_CONVERSION = YES;
				CLANG_WARN_DEPRECATED_OBJC_IMPLEMENTATIONS = YES;
				CLANG_WARN_DIRECT_OBJC_ISA_USAGE = YES_ERROR;
				CLANG_WARN_DOCUMENTATION_COMMENTS = YES;
				CLANG_WARN_EMPTY_BODY = YES;
				CLANG_WARN_ENUM_CONVERSION = YES;
				CLANG_WARN_INFINITE_RECURSION = YES;
				CLANG_WARN_INT_CONVERSION = YES;
				CLANG_WARN_NON_LITERAL_NULL_CONVERSION = YES;
				CLANG_WARN_OBJC_IMPLICIT_RETAIN_SELF = YES;
				CLANG_WARN_OBJC_LITERAL_CONVERSION = YES;
				CLANG_WARN_OBJC_ROOT_CLASS = YES_ERROR;
				CLANG_WARN_RANGE_LOOP_ANALYSIS = YES;
				CLANG_WARN_STRICT_PROTOTYPES = YES;
				CLANG_WARN_SUSPICIOUS_MOVE = YES;
				CLANG_WARN_UNGUARDED_AVAILABILITY = YES_AGGRESSIVE;
				CLANG_WARN_UNREACHABLE_CODE = YES;
				CLANG_WARN__DUPLICATE_METHOD_MATCH = YES;
				COPY_PHASE_STRIP = NO;
				DEBUG_INFORMATION_FORMAT = "dwarf-with-dsym";
				ENABLE_NS_ASSERTIONS = NO;
				ENABLE_STRICT_OBJC_MSGSEND = YES;
				GCC_C_LANGUAGE_STANDARD = gnu11;
				GCC_NO_COMMON_BLOCKS = YES;
				GCC_WARN_64_TO_32_BIT_CONVERSION = YES;
				GCC_WARN_ABOUT_RETURN_TYPE = YES_ERROR;
				GCC_WARN_UNDECLARED_SELECTOR = YES;
				GCC_WARN_UNINITIALIZED_AUTOS = YES_AGGRESSIVE;
				GCC_WARN_UNUSED_FUNCTION = YES;
				GCC_WARN_UNUSED_VARIABLE = YES;
				MACOSX_DEPLOYMENT_TARGET = 10.15;
				MTL_ENABLE_DEBUG_INFO = NO;
				MTL_FAST_MATH = YES;
				SDKROOT = macosx;
				SWIFT_COMPILATION_MODE = wholemodule;
				SWIFT_OPTIMIZATION_LEVEL = "-O";
			};
			name = Release;
		};
		277CA1BA2391882E007AC2D0 /* Debug */ = {
			isa = XCBuildConfiguration;
			buildSettings = {
				ASSETCATALOG_COMPILER_APPICON_NAME = AppIcon;
				CODE_SIGN_ENTITLEMENTS = "Music Tool/Music_Tool.entitlements";
				CODE_SIGN_IDENTITY = "-";
				CODE_SIGN_STYLE = Automatic;
				COMBINE_HIDPI_IMAGES = YES;
				DEVELOPMENT_ASSET_PATHS = "\"Music Tool/Preview Content\"";
				DEVELOPMENT_TEAM = AEYF632Y3N;
				ENABLE_HARDENED_RUNTIME = YES;
				ENABLE_PREVIEWS = YES;
				INFOPLIST_FILE = "Music Tool/Info.plist";
				LD_RUNPATH_SEARCH_PATHS = (
					"$(inherited)",
					"@executable_path/../Frameworks",
				);
				MACOSX_DEPLOYMENT_TARGET = 10.15;
				PRODUCT_BUNDLE_IDENTIFIER = "com.velocityzen.Music-Tool";
				PRODUCT_NAME = "$(TARGET_NAME)";
				SWIFT_VERSION = 5.0;
			};
			name = Debug;
		};
		277CA1BB2391882E007AC2D0 /* Release */ = {
			isa = XCBuildConfiguration;
			buildSettings = {
				ASSETCATALOG_COMPILER_APPICON_NAME = AppIcon;
				CODE_SIGN_ENTITLEMENTS = "Music Tool/Music_Tool.entitlements";
				CODE_SIGN_IDENTITY = "-";
				CODE_SIGN_STYLE = Automatic;
				COMBINE_HIDPI_IMAGES = YES;
				DEVELOPMENT_ASSET_PATHS = "\"Music Tool/Preview Content\"";
				DEVELOPMENT_TEAM = AEYF632Y3N;
				ENABLE_HARDENED_RUNTIME = YES;
				ENABLE_PREVIEWS = YES;
				INFOPLIST_FILE = "Music Tool/Info.plist";
				LD_RUNPATH_SEARCH_PATHS = (
					"$(inherited)",
					"@executable_path/../Frameworks",
				);
				MACOSX_DEPLOYMENT_TARGET = 10.15;
				PRODUCT_BUNDLE_IDENTIFIER = "com.velocityzen.Music-Tool";
				PRODUCT_NAME = "$(TARGET_NAME)";
				SWIFT_VERSION = 5.0;
			};
			name = Release;
		};
		277CA1BD2391882E007AC2D0 /* Debug */ = {
			isa = XCBuildConfiguration;
			buildSettings = {
				ALWAYS_EMBED_SWIFT_STANDARD_LIBRARIES = YES;
				BUNDLE_LOADER = "$(TEST_HOST)";
				CODE_SIGN_STYLE = Automatic;
				COMBINE_HIDPI_IMAGES = YES;
				DEVELOPMENT_TEAM = AEYF632Y3N;
				INFOPLIST_FILE = "Music ToolTests/Info.plist";
				LD_RUNPATH_SEARCH_PATHS = (
					"$(inherited)",
					"@executable_path/../Frameworks",
					"@loader_path/../Frameworks",
				);
				MACOSX_DEPLOYMENT_TARGET = 10.15;
				PRODUCT_BUNDLE_IDENTIFIER = "com.velocityzen.Music-ToolTests";
				PRODUCT_NAME = "$(TARGET_NAME)";
				SWIFT_VERSION = 5.0;
				TEST_HOST = "$(BUILT_PRODUCTS_DIR)/Music Tool.app/Contents/MacOS/Music Tool";
			};
			name = Debug;
		};
		277CA1BE2391882E007AC2D0 /* Release */ = {
			isa = XCBuildConfiguration;
			buildSettings = {
				ALWAYS_EMBED_SWIFT_STANDARD_LIBRARIES = YES;
				BUNDLE_LOADER = "$(TEST_HOST)";
				CODE_SIGN_STYLE = Automatic;
				COMBINE_HIDPI_IMAGES = YES;
				DEVELOPMENT_TEAM = AEYF632Y3N;
				INFOPLIST_FILE = "Music ToolTests/Info.plist";
				LD_RUNPATH_SEARCH_PATHS = (
					"$(inherited)",
					"@executable_path/../Frameworks",
					"@loader_path/../Frameworks",
				);
				MACOSX_DEPLOYMENT_TARGET = 10.15;
				PRODUCT_BUNDLE_IDENTIFIER = "com.velocityzen.Music-ToolTests";
				PRODUCT_NAME = "$(TARGET_NAME)";
				SWIFT_VERSION = 5.0;
				TEST_HOST = "$(BUILT_PRODUCTS_DIR)/Music Tool.app/Contents/MacOS/Music Tool";
			};
			name = Release;
		};
/* End XCBuildConfiguration section */

/* Begin XCConfigurationList section */
		277CA1962391882D007AC2D0 /* Build configuration list for PBXProject "Music Tool" */ = {
			isa = XCConfigurationList;
			buildConfigurations = (
				277CA1B72391882E007AC2D0 /* Debug */,
				277CA1B82391882E007AC2D0 /* Release */,
			);
			defaultConfigurationIsVisible = 0;
			defaultConfigurationName = Release;
		};
		277CA1B92391882E007AC2D0 /* Build configuration list for PBXNativeTarget "Music Tool" */ = {
			isa = XCConfigurationList;
			buildConfigurations = (
				277CA1BA2391882E007AC2D0 /* Debug */,
				277CA1BB2391882E007AC2D0 /* Release */,
			);
			defaultConfigurationIsVisible = 0;
			defaultConfigurationName = Release;
		};
		277CA1BC2391882E007AC2D0 /* Build configuration list for PBXNativeTarget "Music ToolTests" */ = {
			isa = XCConfigurationList;
			buildConfigurations = (
				277CA1BD2391882E007AC2D0 /* Debug */,
				277CA1BE2391882E007AC2D0 /* Release */,
			);
			defaultConfigurationIsVisible = 0;
			defaultConfigurationName = Release;
		};
/* End XCConfigurationList section */

/* Begin XCRemoteSwiftPackageReference section */
		27036386240C5AD800A9D16D /* XCRemoteSwiftPackageReference "Defaults" */ = {
			isa = XCRemoteSwiftPackageReference;
			repositoryURL = "https://github.com/sindresorhus/Defaults";
			requirement = {
				kind = upToNextMajorVersion;
				minimumVersion = 3.1.1;
			};
		};
		278DF83B24019D2E008C8D1D /* XCRemoteSwiftPackageReference "SwiftUIFlux" */ = {
			isa = XCRemoteSwiftPackageReference;
			repositoryURL = "https://github.com/Dimillian/SwiftUIFlux";
			requirement = {
				kind = upToNextMajorVersion;
				minimumVersion = 0.5.1;
			};
		};
		27DD2D432402C3BA00FAC38B /* XCRemoteSwiftPackageReference "Kingfisher" */ = {
			isa = XCRemoteSwiftPackageReference;
			repositoryURL = "https://github.com/onevcat/Kingfisher";
			requirement = {
				kind = upToNextMajorVersion;
				minimumVersion = 5.13.1;
			};
		};
/* End XCRemoteSwiftPackageReference section */

/* Begin XCSwiftPackageProductDependency section */
		27036387240C5AD800A9D16D /* Defaults */ = {
			isa = XCSwiftPackageProductDependency;
			package = 27036386240C5AD800A9D16D /* XCRemoteSwiftPackageReference "Defaults" */;
			productName = Defaults;
		};
		278DF83C24019D2E008C8D1D /* SwiftUIFlux */ = {
			isa = XCSwiftPackageProductDependency;
			package = 278DF83B24019D2E008C8D1D /* XCRemoteSwiftPackageReference "SwiftUIFlux" */;
			productName = SwiftUIFlux;
		};
		27DD2D442402C3BA00FAC38B /* Kingfisher */ = {
			isa = XCSwiftPackageProductDependency;
			package = 27DD2D432402C3BA00FAC38B /* XCRemoteSwiftPackageReference "Kingfisher" */;
			productName = Kingfisher;
		};
		27DD2D462402C3BA00FAC38B /* KingfisherSwiftUI */ = {
			isa = XCSwiftPackageProductDependency;
			package = 27DD2D432402C3BA00FAC38B /* XCRemoteSwiftPackageReference "Kingfisher" */;
			productName = KingfisherSwiftUI;
		};
/* End XCSwiftPackageProductDependency section */
	};
	rootObject = 277CA1932391882D007AC2D0 /* Project object */;
}
